
Microsoft Visual Studio Solution File, Format Version 12.00
# Visual Studio Version 17
VisualStudioVersion = 17.7.34221.43
MinimumVisualStudioVersion = 10.0.40219.1
Project("{9A19103F-16F7-4668-BE54-9A1E7A4F7556}") = "ControlPersonalData", "ControlPersonalData\ControlPersonalData.csproj", "{9A107736-620F-4D41-BA78-8128B1F6077D}"
EndProject
Project("{FAE04EC0-301F-11D3-BF4B-00C04F79EFBC}") = "ControlPersonalData.Domain", "ControlPersonalData.Domain\ControlPersonalData.Domain.csproj", "{2445EFA1-B3FB-4978-8604-61683029AD60}"
EndProject
Global
	GlobalSection(SolutionConfigurationPlatforms) = preSolution
		Debug|Any CPU = Debug|Any CPU
		Release|Any CPU = Release|Any CPU
	EndGlobalSection
	GlobalSection(ProjectConfigurationPlatforms) = postSolution
		{9A107736-620F-4D41-BA78-8128B1F6077D}.Debug|Any CPU.ActiveCfg = Debug|Any CPU
		{9A107736-620F-4D41-BA78-8128B1F6077D}.Debug|Any CPU.Build.0 = Debug|Any CPU
		{9A107736-620F-4D41-BA78-8128B1F6077D}.Release|Any CPU.ActiveCfg = Release|Any CPU
		{9A107736-620F-4D41-BA78-8128B1F6077D}.Release|Any CPU.Build.0 = Release|Any CPU
		{2445EFA1-B3FB-4978-8604-61683029AD60}.Debug|Any CPU.ActiveCfg = Debug|Any CPU
		{2445EFA1-B3FB-4978-8604-61683029AD60}.Debug|Any CPU.Build.0 = Debug|Any CPU
		{2445EFA1-B3FB-4978-8604-61683029AD60}.Release|Any CPU.ActiveCfg = Release|Any CPU
		{2445EFA1-B3FB-4978-8604-61683029AD60}.Release|Any CPU.Build.0 = Release|Any CPU
	EndGlobalSection
	GlobalSection(SolutionProperties) = preSolution
		HideSolutionNode = FALSE
	EndGlobalSection
	GlobalSection(ExtensibilityGlobals) = postSolution
		SolutionGuid = {5C246116-F59F-44D3-B2AF-4ACBCB2A22EE}
	EndGlobalSection
EndGlobal
